{
  "requires": true,
  "lockfileVersion": 1,
  "dependencies": {
    "react-with-addons": {
      "version": "0.0.1",
      "resolved": "https://registry.npmjs.org/react-with-addons/-/react-with-addons-0.0.1.tgz",
      "integrity": "sha512-AvztWNCNlf5vI6U3UDnRcB/HiSgkJe3zYvFaMG9BBrFKmrm18rGDFc5jWUVda6HYXUG35kDdkJzfBDTNPjDcwQ=="
    }
  }
}
